// !$*UTF8*$!
{
	archiveVersion = 1;
	classes = {
	};
	objectVersion = 56;
	objects = {

/* Begin PBXBuildFile section */
		C1E9503A2B1429FF007584BA /* Colour+Codable.swift in Sources */ = {isa = PBXBuildFile; fileRef = C1E950392B1429FF007584BA /* Colour+Codable.swift */; };
		C1E9503C2B144AB9007584BA /* DailyChallenges.swift in Sources */ = {isa = PBXBuildFile; fileRef = C1E9503B2B144AB9007584BA /* DailyChallenges.swift */; };
		F10990B02B0AEEC6002665D9 /* HomeView.swift in Sources */ = {isa = PBXBuildFile; fileRef = F10990AF2B0AEEC6002665D9 /* HomeView.swift */; };
		F10990B82B0B3A40002665D9 /* SettingsView.swift in Sources */ = {isa = PBXBuildFile; fileRef = F10990B72B0B3A40002665D9 /* SettingsView.swift */; };
		F10B86E42B08879F0084255D /* Notifications.swift in Sources */ = {isa = PBXBuildFile; fileRef = F10B86E32B08879F0084255D /* Notifications.swift */; };
		F10D700A2B0C49A400EF9DC9 /* Forever in Frameworks */ = {isa = PBXBuildFile; productRef = F10D70092B0C49A400EF9DC9 /* Forever */; };
		F1114E572B0C53AA00C191B1 /* MoreSettingsView.swift in Sources */ = {isa = PBXBuildFile; fileRef = F10D700B2B0C514100EF9DC9 /* MoreSettingsView.swift */; };
		F1223A042B071E81004A2065 /* Pages.swift in Sources */ = {isa = PBXBuildFile; fileRef = F1223A032B071E81004A2065 /* Pages.swift */; };
		F1223A072B071FD8004A2065 /* CompactSlider in Frameworks */ = {isa = PBXBuildFile; productRef = F1223A062B071FD8004A2065 /* CompactSlider */; };
		F12613B42B070F2B00619FD6 /* gymguruApp.swift in Sources */ = {isa = PBXBuildFile; fileRef = F12613B32B070F2B00619FD6 /* gymguruApp.swift */; };
		F12613B62B070F2B00619FD6 /* ContentView.swift in Sources */ = {isa = PBXBuildFile; fileRef = F12613B52B070F2B00619FD6 /* ContentView.swift */; };
		F12613B82B070F2B00619FD6 /* Item.swift in Sources */ = {isa = PBXBuildFile; fileRef = F12613B72B070F2B00619FD6 /* Item.swift */; };
		F12613BA2B070F2D00619FD6 /* Assets.xcassets in Resources */ = {isa = PBXBuildFile; fileRef = F12613B92B070F2D00619FD6 /* Assets.xcassets */; };
		F12613BD2B070F2D00619FD6 /* Preview Assets.xcassets in Resources */ = {isa = PBXBuildFile; fileRef = F12613BC2B070F2D00619FD6 /* Preview Assets.xcassets */; };
		F14A59C02B0DD161006246F8 /* BadgesView.swift in Sources */ = {isa = PBXBuildFile; fileRef = F14A59BF2B0DD161006246F8 /* BadgesView.swift */; };
		F14A59C32B0DD4BB006246F8 /* Contentful in Frameworks */ = {isa = PBXBuildFile; productRef = F14A59C22B0DD4BB006246F8 /* Contentful */; };
		F14A59C62B0DE2A1006246F8 /* ChallengesView.swift in Sources */ = {isa = PBXBuildFile; fileRef = F14A59C52B0DE2A1006246F8 /* ChallengesView.swift */; };
		F14A59C92B0DE581006246F8 /* SDWebImageSwiftUI in Frameworks */ = {isa = PBXBuildFile; productRef = F14A59C82B0DE581006246F8 /* SDWebImageSwiftUI */; };
		F1766E3B2B19932E00524687 /* Launch Screen.storyboard in Resources */ = {isa = PBXBuildFile; fileRef = F1766E3A2B19932E00524687 /* Launch Screen.storyboard */; };
		F1766E3D2B19943000524687 /* iTunesArtwork@2x.png in Resources */ = {isa = PBXBuildFile; fileRef = F1766E3C2B19943000524687 /* iTunesArtwork@2x.png */; };
		F182A5152B0F249700D42C94 /* MapTrackingView.swift in Sources */ = {isa = PBXBuildFile; fileRef = F182A5142B0F249400D42C94 /* MapTrackingView.swift */; };
		F182A5162B0F249900D42C94 /* ColorHexExtension.swift in Sources */ = {isa = PBXBuildFile; fileRef = F13B1B362B0C7D48008B1FF5 /* ColorHexExtension.swift */; };
		F18F847E2B0F3F560085AAB8 /* CounterTrackingView.swift in Sources */ = {isa = PBXBuildFile; fileRef = F18F847D2B0F3F560085AAB8 /* CounterTrackingView.swift */; };
		F1A66E662B109BD600952F89 /* CoreLocationManager.swift in Sources */ = {isa = PBXBuildFile; fileRef = F1A66E652B109BCF00952F89 /* CoreLocationManager.swift */; };
/* End PBXBuildFile section */

/* Begin PBXFileReference section */
		C1E950392B1429FF007584BA /* Colour+Codable.swift */ = {isa = PBXFileReference; lastKnownFileType = sourcecode.swift; path = "Colour+Codable.swift"; sourceTree = "<group>"; };
		C1E9503B2B144AB9007584BA /* DailyChallenges.swift */ = {isa = PBXFileReference; lastKnownFileType = sourcecode.swift; path = DailyChallenges.swift; sourceTree = "<group>"; };
		F10990AF2B0AEEC6002665D9 /* HomeView.swift */ = {isa = PBXFileReference; lastKnownFileType = sourcecode.swift; path = HomeView.swift; sourceTree = "<group>"; };
		F10990B52B0B0AAE002665D9 /* Info.plist */ = {isa = PBXFileReference; lastKnownFileType = text.plist; path = Info.plist; sourceTree = "<group>"; };
		F10990B62B0B222D002665D9 /* README.md */ = {isa = PBXFileReference; lastKnownFileType = net.daringfireball.markdown; path = README.md; sourceTree = "<group>"; };
		F10990B72B0B3A40002665D9 /* SettingsView.swift */ = {isa = PBXFileReference; lastKnownFileType = sourcecode.swift; path = SettingsView.swift; sourceTree = "<group>"; };
		F10B86E32B08879F0084255D /* Notifications.swift */ = {isa = PBXFileReference; lastKnownFileType = sourcecode.swift; path = Notifications.swift; sourceTree = "<group>"; };
		F10D700B2B0C514100EF9DC9 /* MoreSettingsView.swift */ = {isa = PBXFileReference; lastKnownFileType = sourcecode.swift; path = MoreSettingsView.swift; sourceTree = "<group>"; };
		F1223A032B071E81004A2065 /* Pages.swift */ = {isa = PBXFileReference; lastKnownFileType = sourcecode.swift; path = Pages.swift; sourceTree = "<group>"; };
		F12613B02B070F2B00619FD6 /* gymguru.app */ = {isa = PBXFileReference; explicitFileType = wrapper.application; includeInIndex = 0; path = gymguru.app; sourceTree = BUILT_PRODUCTS_DIR; };
		F12613B32B070F2B00619FD6 /* gymguruApp.swift */ = {isa = PBXFileReference; lastKnownFileType = sourcecode.swift; path = gymguruApp.swift; sourceTree = "<group>"; };
		F12613B52B070F2B00619FD6 /* ContentView.swift */ = {isa = PBXFileReference; lastKnownFileType = sourcecode.swift; path = ContentView.swift; sourceTree = "<group>"; };
		F12613B72B070F2B00619FD6 /* Item.swift */ = {isa = PBXFileReference; lastKnownFileType = sourcecode.swift; path = Item.swift; sourceTree = "<group>"; };
		F12613B92B070F2D00619FD6 /* Assets.xcassets */ = {isa = PBXFileReference; lastKnownFileType = folder.assetcatalog; path = Assets.xcassets; sourceTree = "<group>"; };
		F12613BC2B070F2D00619FD6 /* Preview Assets.xcassets */ = {isa = PBXFileReference; lastKnownFileType = folder.assetcatalog; path = "Preview Assets.xcassets"; sourceTree = "<group>"; };
		F13B1B362B0C7D48008B1FF5 /* ColorHexExtension.swift */ = {isa = PBXFileReference; lastKnownFileType = sourcecode.swift; path = ColorHexExtension.swift; sourceTree = "<group>"; };
		F14A59BF2B0DD161006246F8 /* BadgesView.swift */ = {isa = PBXFileReference; lastKnownFileType = sourcecode.swift; path = BadgesView.swift; sourceTree = "<group>"; };
		F14A59C52B0DE2A1006246F8 /* ChallengesView.swift */ = {isa = PBXFileReference; lastKnownFileType = sourcecode.swift; path = ChallengesView.swift; sourceTree = "<group>"; };
		F1766E3A2B19932E00524687 /* Launch Screen.storyboard */ = {isa = PBXFileReference; lastKnownFileType = file.storyboard; path = "Launch Screen.storyboard"; sourceTree = "<group>"; };
		F1766E3C2B19943000524687 /* iTunesArtwork@2x.png */ = {isa = PBXFileReference; lastKnownFileType = image.png; path = "iTunesArtwork@2x.png"; sourceTree = "<group>"; };
		F182A5142B0F249400D42C94 /* MapTrackingView.swift */ = {isa = PBXFileReference; lastKnownFileType = sourcecode.swift; path = MapTrackingView.swift; sourceTree = "<group>"; };
		F18F847D2B0F3F560085AAB8 /* CounterTrackingView.swift */ = {isa = PBXFileReference; lastKnownFileType = sourcecode.swift; path = CounterTrackingView.swift; sourceTree = "<group>"; };
		F1A66E652B109BCF00952F89 /* CoreLocationManager.swift */ = {isa = PBXFileReference; lastKnownFileType = sourcecode.swift; path = CoreLocationManager.swift; sourceTree = "<group>"; };
/* End PBXFileReference section */

/* Begin PBXFrameworksBuildPhase section */
		F12613AD2B070F2B00619FD6 /* Frameworks */ = {
			isa = PBXFrameworksBuildPhase;
			buildActionMask = 2147483647;
			files = (
				F14A59C92B0DE581006246F8 /* SDWebImageSwiftUI in Frameworks */,
				F10D700A2B0C49A400EF9DC9 /* Forever in Frameworks */,
				F1223A072B071FD8004A2065 /* CompactSlider in Frameworks */,
				F14A59C32B0DD4BB006246F8 /* Contentful in Frameworks */,
			);
			runOnlyForDeploymentPostprocessing = 0;
		};
/* End PBXFrameworksBuildPhase section */

/* Begin PBXGroup section */
		F10990B12B0AEEDD002665D9 /* TabItems */ = {
			isa = PBXGroup;
			children = (
				F10990AF2B0AEEC6002665D9 /* HomeView.swift */,
				F10990B72B0B3A40002665D9 /* SettingsView.swift */,
				F10D700B2B0C514100EF9DC9 /* MoreSettingsView.swift */,
				F14A59BF2B0DD161006246F8 /* BadgesView.swift */,
				F14A59C52B0DE2A1006246F8 /* ChallengesView.swift */,
			);
			path = TabItems;
			sourceTree = "<group>";
		};
		F10B86E52B0887AC0084255D /* Notification Manager */ = {
			isa = PBXGroup;
			children = (
				F10B86E32B08879F0084255D /* Notifications.swift */,
			);
			path = "Notification Manager";
			sourceTree = "<group>";
		};
		F12613A72B070F2B00619FD6 = {
			isa = PBXGroup;
			children = (
				F10990B62B0B222D002665D9 /* README.md */,
				F12613B22B070F2B00619FD6 /* gymguru */,
				F12613B12B070F2B00619FD6 /* Products */,
			);
			sourceTree = "<group>";
		};
		F12613B12B070F2B00619FD6 /* Products */ = {
			isa = PBXGroup;
			children = (
				F12613B02B070F2B00619FD6 /* gymguru.app */,
			);
			name = Products;
			sourceTree = "<group>";
		};
		F12613B22B070F2B00619FD6 /* gymguru */ = {
			isa = PBXGroup;
			children = (
				F1766E3A2B19932E00524687 /* Launch Screen.storyboard */,
				F1A66E652B109BCF00952F89 /* CoreLocationManager.swift */,
				F13B1B362B0C7D48008B1FF5 /* ColorHexExtension.swift */,
				F18F847C2B0F3F420085AAB8 /* TrackingView */,
				F182A5172B0F249D00D42C94 /* New Group */,
				F10990B52B0B0AAE002665D9 /* Info.plist */,
				C1E9503B2B144AB9007584BA /* DailyChallenges.swift */,
				F12613B32B070F2B00619FD6 /* gymguruApp.swift */,
				F12613B52B070F2B00619FD6 /* ContentView.swift */,
				F10990B12B0AEEDD002665D9 /* TabItems */,
				F10B86E52B0887AC0084255D /* Notification Manager */,
				F12613C52B0717A300619FD6 /* Setup Views */,
				F12613B72B070F2B00619FD6 /* Item.swift */,
				F1766E3C2B19943000524687 /* iTunesArtwork@2x.png */,
				F12613B92B070F2D00619FD6 /* Assets.xcassets */,
				F12613BB2B070F2D00619FD6 /* Preview Content */,
				C1E950392B1429FF007584BA /* Colour+Codable.swift */,
			);
			path = gymguru;
			sourceTree = "<group>";
		};
		F12613BB2B070F2D00619FD6 /* Preview Content */ = {
			isa = PBXGroup;
			children = (
				F12613BC2B070F2D00619FD6 /* Preview Assets.xcassets */,
			);
			path = "Preview Content";
			sourceTree = "<group>";
		};
		F12613C52B0717A300619FD6 /* Setup Views */ = {
			isa = PBXGroup;
			children = (
				F1223A032B071E81004A2065 /* Pages.swift */,
			);
			path = "Setup Views";
			sourceTree = "<group>";
		};
		F182A5172B0F249D00D42C94 /* New Group */ = {
			isa = PBXGroup;
			children = (
			);
			path = "New Group";
			sourceTree = "<group>";
		};
		F18F847C2B0F3F420085AAB8 /* TrackingView */ = {
			isa = PBXGroup;
			children = (
				F182A5142B0F249400D42C94 /* MapTrackingView.swift */,
				F18F847D2B0F3F560085AAB8 /* CounterTrackingView.swift */,
			);
			path = TrackingView;
			sourceTree = "<group>";
		};
/* End PBXGroup section */

/* Begin PBXNativeTarget section */
		F12613AF2B070F2B00619FD6 /* gymguru */ = {
			isa = PBXNativeTarget;
			buildConfigurationList = F12613C02B070F2D00619FD6 /* Build configuration list for PBXNativeTarget "gymguru" */;
			buildPhases = (
				F12613AC2B070F2B00619FD6 /* Sources */,
				F12613AD2B070F2B00619FD6 /* Frameworks */,
				F12613AE2B070F2B00619FD6 /* Resources */,
			);
			buildRules = (
			);
			dependencies = (
			);
			name = gymguru;
			packageProductDependencies = (
				F1223A062B071FD8004A2065 /* CompactSlider */,
				F10D70092B0C49A400EF9DC9 /* Forever */,
				F14A59C22B0DD4BB006246F8 /* Contentful */,
				F14A59C82B0DE581006246F8 /* SDWebImageSwiftUI */,
			);
			productName = gymguru;
			productReference = F12613B02B070F2B00619FD6 /* gymguru.app */;
			productType = "com.apple.product-type.application";
		};
/* End PBXNativeTarget section */

/* Begin PBXProject section */
		F12613A82B070F2B00619FD6 /* Project object */ = {
			isa = PBXProject;
			attributes = {
				BuildIndependentTargetsInParallel = 1;
				LastSwiftUpdateCheck = 1500;
				LastUpgradeCheck = 1500;
				TargetAttributes = {
					F12613AF2B070F2B00619FD6 = {
						CreatedOnToolsVersion = 15.0.1;
					};
				};
			};
			buildConfigurationList = F12613AB2B070F2B00619FD6 /* Build configuration list for PBXProject "gymguru" */;
			compatibilityVersion = "Xcode 14.0";
			developmentRegion = en;
			hasScannedForEncodings = 0;
			knownRegions = (
				en,
				Base,
			);
			mainGroup = F12613A72B070F2B00619FD6;
			packageReferences = (
				F1223A052B071FD8004A2065 /* XCRemoteSwiftPackageReference "CompactSlider" */,
				F10D70082B0C49A400EF9DC9 /* XCRemoteSwiftPackageReference "Forever" */,
				F14A59C12B0DD4BB006246F8 /* XCRemoteSwiftPackageReference "contentful.swift" */,
				F14A59C72B0DE581006246F8 /* XCRemoteSwiftPackageReference "SDWebImageSwiftUI" */,
			);
			productRefGroup = F12613B12B070F2B00619FD6 /* Products */;
			projectDirPath = "";
			projectRoot = "";
			targets = (
				F12613AF2B070F2B00619FD6 /* gymguru */,
			);
		};
/* End PBXProject section */

/* Begin PBXResourcesBuildPhase section */
		F12613AE2B070F2B00619FD6 /* Resources */ = {
			isa = PBXResourcesBuildPhase;
			buildActionMask = 2147483647;
			files = (
				F1766E3B2B19932E00524687 /* Launch Screen.storyboard in Resources */,
				F12613BD2B070F2D00619FD6 /* Preview Assets.xcassets in Resources */,
				F12613BA2B070F2D00619FD6 /* Assets.xcassets in Resources */,
				F1766E3D2B19943000524687 /* iTunesArtwork@2x.png in Resources */,
			);
			runOnlyForDeploymentPostprocessing = 0;
		};
/* End PBXResourcesBuildPhase section */

/* Begin PBXSourcesBuildPhase section */
		F12613AC2B070F2B00619FD6 /* Sources */ = {
			isa = PBXSourcesBuildPhase;
			buildActionMask = 2147483647;
			files = (
				F14A59C62B0DE2A1006246F8 /* ChallengesView.swift in Sources */,
				F1114E572B0C53AA00C191B1 /* MoreSettingsView.swift in Sources */,
				F1A66E662B109BD600952F89 /* CoreLocationManager.swift in Sources */,
				F10990B82B0B3A40002665D9 /* SettingsView.swift in Sources */,
				F182A5152B0F249700D42C94 /* MapTrackingView.swift in Sources */,
				F10B86E42B08879F0084255D /* Notifications.swift in Sources */,
				F12613B62B070F2B00619FD6 /* ContentView.swift in Sources */,
				F14A59C02B0DD161006246F8 /* BadgesView.swift in Sources */,
				F1223A042B071E81004A2065 /* Pages.swift in Sources */,
				C1E9503C2B144AB9007584BA /* DailyChallenges.swift in Sources */,
				F10990B02B0AEEC6002665D9 /* HomeView.swift in Sources */,
				F18F847E2B0F3F560085AAB8 /* CounterTrackingView.swift in Sources */,
				C1E9503A2B1429FF007584BA /* Colour+Codable.swift in Sources */,
				F12613B82B070F2B00619FD6 /* Item.swift in Sources */,
				F12613B42B070F2B00619FD6 /* gymguruApp.swift in Sources */,
				F182A5162B0F249900D42C94 /* ColorHexExtension.swift in Sources */,
			);
			runOnlyForDeploymentPostprocessing = 0;
		};
/* End PBXSourcesBuildPhase section */

/* Begin XCBuildConfiguration section */
		F12613BE2B070F2D00619FD6 /* Debug */ = {
			isa = XCBuildConfiguration;
			buildSettings = {
				ALWAYS_SEARCH_USER_PATHS = NO;
				ASSETCATALOG_COMPILER_GENERATE_SWIFT_ASSET_SYMBOL_EXTENSIONS = YES;
				CLANG_ANALYZER_NONNULL = YES;
				CLANG_ANALYZER_NUMBER_OBJECT_CONVERSION = YES_AGGRESSIVE;
				CLANG_CXX_LANGUAGE_STANDARD = "gnu++20";
				CLANG_ENABLE_MODULES = YES;
				CLANG_ENABLE_OBJC_ARC = YES;
				CLANG_ENABLE_OBJC_WEAK = YES;
				CLANG_WARN_BLOCK_CAPTURE_AUTORELEASING = YES;
				CLANG_WARN_BOOL_CONVERSION = YES;
				CLANG_WARN_COMMA = YES;
				CLANG_WARN_CONSTANT_CONVERSION = YES;
				CLANG_WARN_DEPRECATED_OBJC_IMPLEMENTATIONS = YES;
				CLANG_WARN_DIRECT_OBJC_ISA_USAGE = YES_ERROR;
				CLANG_WARN_DOCUMENTATION_COMMENTS = YES;
				CLANG_WARN_EMPTY_BODY = YES;
				CLANG_WARN_ENUM_CONVERSION = YES;
				CLANG_WARN_INFINITE_RECURSION = YES;
				CLANG_WARN_INT_CONVERSION = YES;
				CLANG_WARN_NON_LITERAL_NULL_CONVERSION = YES;
				CLANG_WARN_OBJC_IMPLICIT_RETAIN_SELF = YES;
				CLANG_WARN_OBJC_LITERAL_CONVERSION = YES;
				CLANG_WARN_OBJC_ROOT_CLASS = YES_ERROR;
				CLANG_WARN_QUOTED_INCLUDE_IN_FRAMEWORK_HEADER = YES;
				CLANG_WARN_RANGE_LOOP_ANALYSIS = YES;
				CLANG_WARN_STRICT_PROTOTYPES = YES;
				CLANG_WARN_SUSPICIOUS_MOVE = YES;
				CLANG_WARN_UNGUARDED_AVAILABILITY = YES_AGGRESSIVE;
				CLANG_WARN_UNREACHABLE_CODE = YES;
				CLANG_WARN__DUPLICATE_METHOD_MATCH = YES;
				COPY_PHASE_STRIP = NO;
				DEBUG_INFORMATION_FORMAT = dwarf;
				ENABLE_STRICT_OBJC_MSGSEND = YES;
				ENABLE_TESTABILITY = YES;
				ENABLE_USER_SCRIPT_SANDBOXING = YES;
				GCC_C_LANGUAGE_STANDARD = gnu17;
				GCC_DYNAMIC_NO_PIC = NO;
				GCC_NO_COMMON_BLOCKS = YES;
				GCC_OPTIMIZATION_LEVEL = 0;
				GCC_PREPROCESSOR_DEFINITIONS = (
					"DEBUG=1",
					"$(inherited)",
				);
				GCC_WARN_64_TO_32_BIT_CONVERSION = YES;
				GCC_WARN_ABOUT_RETURN_TYPE = YES_ERROR;
				GCC_WARN_UNDECLARED_SELECTOR = YES;
				GCC_WARN_UNINITIALIZED_AUTOS = YES_AGGRESSIVE;
				GCC_WARN_UNUSED_FUNCTION = YES;
				GCC_WARN_UNUSED_VARIABLE = YES;
				IPHONEOS_DEPLOYMENT_TARGET = 17.0;
				LOCALIZATION_PREFERS_STRING_CATALOGS = YES;
				MTL_ENABLE_DEBUG_INFO = INCLUDE_SOURCE;
				MTL_FAST_MATH = YES;
				ONLY_ACTIVE_ARCH = YES;
				SDKROOT = iphoneos;
				SWIFT_ACTIVE_COMPILATION_CONDITIONS = "DEBUG $(inherited)";
				SWIFT_OPTIMIZATION_LEVEL = "-Onone";
			};
			name = Debug;
		};
		F12613BF2B070F2D00619FD6 /* Release */ = {
			isa = XCBuildConfiguration;
			buildSettings = {
				ALWAYS_SEARCH_USER_PATHS = NO;
				ASSETCATALOG_COMPILER_GENERATE_SWIFT_ASSET_SYMBOL_EXTENSIONS = YES;
				CLANG_ANALYZER_NONNULL = YES;
				CLANG_ANALYZER_NUMBER_OBJECT_CONVERSION = YES_AGGRESSIVE;
				CLANG_CXX_LANGUAGE_STANDARD = "gnu++20";
				CLANG_ENABLE_MODULES = YES;
				CLANG_ENABLE_OBJC_ARC = YES;
				CLANG_ENABLE_OBJC_WEAK = YES;
				CLANG_WARN_BLOCK_CAPTURE_AUTORELEASING = YES;
				CLANG_WARN_BOOL_CONVERSION = YES;
				CLANG_WARN_COMMA = YES;
				CLANG_WARN_CONSTANT_CONVERSION = YES;
				CLANG_WARN_DEPRECATED_OBJC_IMPLEMENTATIONS = YES;
				CLANG_WARN_DIRECT_OBJC_ISA_USAGE = YES_ERROR;
				CLANG_WARN_DOCUMENTATION_COMMENTS = YES;
				CLANG_WARN_EMPTY_BODY = YES;
				CLANG_WARN_ENUM_CONVERSION = YES;
				CLANG_WARN_INFINITE_RECURSION = YES;
				CLANG_WARN_INT_CONVERSION = YES;
				CLANG_WARN_NON_LITERAL_NULL_CONVERSION = YES;
				CLANG_WARN_OBJC_IMPLICIT_RETAIN_SELF = YES;
				CLANG_WARN_OBJC_LITERAL_CONVERSION = YES;
				CLANG_WARN_OBJC_ROOT_CLASS = YES_ERROR;
				CLANG_WARN_QUOTED_INCLUDE_IN_FRAMEWORK_HEADER = YES;
				CLANG_WARN_RANGE_LOOP_ANALYSIS = YES;
				CLANG_WARN_STRICT_PROTOTYPES = YES;
				CLANG_WARN_SUSPICIOUS_MOVE = YES;
				CLANG_WARN_UNGUARDED_AVAILABILITY = YES_AGGRESSIVE;
				CLANG_WARN_UNREACHABLE_CODE = YES;
				CLANG_WARN__DUPLICATE_METHOD_MATCH = YES;
				COPY_PHASE_STRIP = NO;
				DEBUG_INFORMATION_FORMAT = "dwarf-with-dsym";
				ENABLE_NS_ASSERTIONS = NO;
				ENABLE_STRICT_OBJC_MSGSEND = YES;
				ENABLE_USER_SCRIPT_SANDBOXING = YES;
				GCC_C_LANGUAGE_STANDARD = gnu17;
				GCC_NO_COMMON_BLOCKS = YES;
				GCC_WARN_64_TO_32_BIT_CONVERSION = YES;
				GCC_WARN_ABOUT_RETURN_TYPE = YES_ERROR;
				GCC_WARN_UNDECLARED_SELECTOR = YES;
				GCC_WARN_UNINITIALIZED_AUTOS = YES_AGGRESSIVE;
				GCC_WARN_UNUSED_FUNCTION = YES;
				GCC_WARN_UNUSED_VARIABLE = YES;
				IPHONEOS_DEPLOYMENT_TARGET = 17.0;
				LOCALIZATION_PREFERS_STRING_CATALOGS = YES;
				MTL_ENABLE_DEBUG_INFO = NO;
				MTL_FAST_MATH = YES;
				SDKROOT = iphoneos;
				SWIFT_COMPILATION_MODE = wholemodule;
				VALIDATE_PRODUCT = YES;
			};
			name = Release;
		};
		F12613C12B070F2D00619FD6 /* Debug */ = {
			isa = XCBuildConfiguration;
			buildSettings = {
				ASSETCATALOG_COMPILER_APPICON_NAME = AppIcon;
				ASSETCATALOG_COMPILER_GLOBAL_ACCENT_COLOR_NAME = AccentColor;
				CODE_SIGN_ENTITLEMENTS = gymguru/gymguru.entitlements;
				CODE_SIGN_STYLE = Automatic;
				CURRENT_PROJECT_VERSION = 1;
				DEVELOPMENT_ASSET_PATHS = "\"gymguru/Preview Content\"";
				DEVELOPMENT_TEAM = 5S5Y9ZY58F;
				ENABLE_PREVIEWS = YES;
				GENERATE_INFOPLIST_FILE = YES;
				INFOPLIST_FILE = gymguru/Info.plist;
				INFOPLIST_KEY_CFBundleDisplayName = FitStreak;
				INFOPLIST_KEY_LSApplicationCategoryType = "public.app-category.healthcare-fitness";
				INFOPLIST_KEY_NSHealthClinicalHealthRecordsShareUsageDescription = "Required for the app to work";
				INFOPLIST_KEY_NSHealthShareUsageDescription = "Required for the app to work";
				INFOPLIST_KEY_NSHealthUpdateUsageDescription = "Required for the app to work";
				INFOPLIST_KEY_NSLocationAlwaysAndWhenInUseUsageDescription = "We use it to display your location relative to famous spots around Singapore";
				INFOPLIST_KEY_NSLocationWhenInUseUsageDescription = "We use it to display your location relative to famous spots around Singapore";
				INFOPLIST_KEY_UIApplicationSceneManifest_Generation = YES;
				INFOPLIST_KEY_UIApplicationSupportsIndirectInputEvents = YES;
				INFOPLIST_KEY_UILaunchScreen_Generation = YES;
				INFOPLIST_KEY_UISupportedInterfaceOrientations = "Privacy\\ -\\ Location\\ Always\\ and\\ When\\ In\\ Use\\ Usage\\ Description UIInterfaceOrientationPortrait UIInterfaceOrientationPortraitUpsideDown";
				INFOPLIST_KEY_UISupportedInterfaceOrientations_iPad = "UIInterfaceOrientationLandscapeRight UIInterfaceOrientationPortrait";
				LD_RUNPATH_SEARCH_PATHS = (
					"$(inherited)",
					"@executable_path/Frameworks",
				);
				MARKETING_VERSION = 1.0;
				PRODUCT_BUNDLE_IDENTIFIER = com.conty.personalapps.gymguru;
				PRODUCT_NAME = "$(TARGET_NAME)";
				SUPPORTED_PLATFORMS = "iphoneos iphonesimulator";
				SUPPORTS_MACCATALYST = NO;
				SUPPORTS_MAC_DESIGNED_FOR_IPHONE_IPAD = NO;
				SWIFT_EMIT_LOC_STRINGS = YES;
				SWIFT_VERSION = 5.0;
				TARGETED_DEVICE_FAMILY = 1;
			};
			name = Debug;
		};
		F12613C22B070F2D00619FD6 /* Release */ = {
			isa = XCBuildConfiguration;
			buildSettings = {
				ASSETCATALOG_COMPILER_APPICON_NAME = AppIcon;
				ASSETCATALOG_COMPILER_GLOBAL_ACCENT_COLOR_NAME = AccentColor;
				CODE_SIGN_ENTITLEMENTS = gymguru/gymguru.entitlements;
				CODE_SIGN_STYLE = Automatic;
				CURRENT_PROJECT_VERSION = 1;
				DEVELOPMENT_ASSET_PATHS = "\"gymguru/Preview Content\"";
				DEVELOPMENT_TEAM = 5S5Y9ZY58F;
				ENABLE_PREVIEWS = YES;
				GENERATE_INFOPLIST_FILE = YES;
				INFOPLIST_FILE = gymguru/Info.plist;
				INFOPLIST_KEY_CFBundleDisplayName = FitStreak;
				INFOPLIST_KEY_LSApplicationCategoryType = "public.app-category.healthcare-fitness";
				INFOPLIST_KEY_NSHealthClinicalHealthRecordsShareUsageDescription = "Required for the app to work";
				INFOPLIST_KEY_NSHealthShareUsageDescription = "Required for the app to work";
				INFOPLIST_KEY_NSHealthUpdateUsageDescription = "Required for the app to work";
				INFOPLIST_KEY_NSLocationAlwaysAndWhenInUseUsageDescription = "We use it to display your location relative to famous spots around Singapore";
				INFOPLIST_KEY_NSLocationWhenInUseUsageDescription = "We use it to display your location relative to famous spots around Singapore";
				INFOPLIST_KEY_UIApplicationSceneManifest_Generation = YES;
				INFOPLIST_KEY_UIApplicationSupportsIndirectInputEvents = YES;
				INFOPLIST_KEY_UILaunchScreen_Generation = YES;
				INFOPLIST_KEY_UISupportedInterfaceOrientations = "Privacy\\ -\\ Location\\ Always\\ and\\ When\\ In\\ Use\\ Usage\\ Description UIInterfaceOrientationPortrait UIInterfaceOrientationPortraitUpsideDown";
				INFOPLIST_KEY_UISupportedInterfaceOrientations_iPad = "UIInterfaceOrientationLandscapeRight UIInterfaceOrientationPortrait";
				LD_RUNPATH_SEARCH_PATHS = (
					"$(inherited)",
					"@executable_path/Frameworks",
				);
				MARKETING_VERSION = 1.0;
				PRODUCT_BUNDLE_IDENTIFIER = com.conty.personalapps.gymguru;
				PRODUCT_NAME = "$(TARGET_NAME)";
				SUPPORTED_PLATFORMS = "iphoneos iphonesimulator";
				SUPPORTS_MACCATALYST = NO;
				SUPPORTS_MAC_DESIGNED_FOR_IPHONE_IPAD = NO;
				SWIFT_EMIT_LOC_STRINGS = YES;
				SWIFT_VERSION = 5.0;
				TARGETED_DEVICE_FAMILY = 1;
			};
			name = Release;
		};
/* End XCBuildConfiguration section */

/* Begin XCConfigurationList section */
		F12613AB2B070F2B00619FD6 /* Build configuration list for PBXProject "gymguru" */ = {
			isa = XCConfigurationList;
			buildConfigurations = (
				F12613BE2B070F2D00619FD6 /* Debug */,
				F12613BF2B070F2D00619FD6 /* Release */,
			);
			defaultConfigurationIsVisible = 0;
			defaultConfigurationName = Release;
		};
		F12613C02B070F2D00619FD6 /* Build configuration list for PBXNativeTarget "gymguru" */ = {
			isa = XCConfigurationList;
			buildConfigurations = (
				F12613C12B070F2D00619FD6 /* Debug */,
				F12613C22B070F2D00619FD6 /* Release */,
			);
			defaultConfigurationIsVisible = 0;
			defaultConfigurationName = Release;
		};
/* End XCConfigurationList section */

/* Begin XCRemoteSwiftPackageReference section */
		F10D70082B0C49A400EF9DC9 /* XCRemoteSwiftPackageReference "Forever" */ = {
			isa = XCRemoteSwiftPackageReference;
			repositoryURL = "https://github.com/jiachenyee/Forever";
			requirement = {
				kind = upToNextMajorVersion;
				minimumVersion = 1.1.0;
			};
		};
		F1223A052B071FD8004A2065 /* XCRemoteSwiftPackageReference "CompactSlider" */ = {
			isa = XCRemoteSwiftPackageReference;
			repositoryURL = "https://github.com/buh/CompactSlider.git";
			requirement = {
				kind = upToNextMajorVersion;
				minimumVersion = 1.1.5;
			};
		};
		F14A59C12B0DD4BB006246F8 /* XCRemoteSwiftPackageReference "contentful.swift" */ = {
			isa = XCRemoteSwiftPackageReference;
			repositoryURL = "https://github.com/contentful/contentful.swift.git";
			requirement = {
				kind = upToNextMajorVersion;
				minimumVersion = 5.5.7;
			};
		};
		F14A59C72B0DE581006246F8 /* XCRemoteSwiftPackageReference "SDWebImageSwiftUI" */ = {
			isa = XCRemoteSwiftPackageReference;
			repositoryURL = "https://github.com/SDWebImage/SDWebImageSwiftUI.git";
			requirement = {
				kind = upToNextMajorVersion;
				minimumVersion = 2.2.4;
			};
		};
/* End XCRemoteSwiftPackageReference section */

/* Begin XCSwiftPackageProductDependency section */
		F10D70092B0C49A400EF9DC9 /* Forever */ = {
			isa = XCSwiftPackageProductDependency;
			package = F10D70082B0C49A400EF9DC9 /* XCRemoteSwiftPackageReference "Forever" */;
			productName = Forever;
		};
		F1223A062B071FD8004A2065 /* CompactSlider */ = {
			isa = XCSwiftPackageProductDependency;
			package = F1223A052B071FD8004A2065 /* XCRemoteSwiftPackageReference "CompactSlider" */;
			productName = CompactSlider;
		};
		F14A59C22B0DD4BB006246F8 /* Contentful */ = {
			isa = XCSwiftPackageProductDependency;
			package = F14A59C12B0DD4BB006246F8 /* XCRemoteSwiftPackageReference "contentful.swift" */;
			productName = Contentful;
		};
		F14A59C82B0DE581006246F8 /* SDWebImageSwiftUI */ = {
			isa = XCSwiftPackageProductDependency;
			package = F14A59C72B0DE581006246F8 /* XCRemoteSwiftPackageReference "SDWebImageSwiftUI" */;
			productName = SDWebImageSwiftUI;
		};
/* End XCSwiftPackageProductDependency section */
	};
	rootObject = F12613A82B070F2B00619FD6 /* Project object */;
}
